
Microsoft Visual Studio Solution File, Format Version 12.00
# Visual Studio Version 17
VisualStudioVersion = 17.1.32328.378
MinimumVisualStudioVersion = 10.0.40219.1
Project("{FAE04EC0-301F-11D3-BF4B-00C04F79EFBC}") = "myonAPI", "myonAPI.csproj", "{C7BAE888-3FA9-443D-8782-A1717AD8929E}"
EndProject
Global
	GlobalSection(SolutionConfigurationPlatforms) = preSolution
		Debug|Any CPU = Debug|Any CPU
		Release|Any CPU = Release|Any CPU
	EndGlobalSection
	GlobalSection(ProjectConfigurationPlatforms) = postSolution
		{C7BAE888-3FA9-443D-8782-A1717AD8929E}.Debug|Any CPU.ActiveCfg = Debug|Any CPU
		{C7BAE888-3FA9-443D-8782-A1717AD8929E}.Debug|Any CPU.Build.0 = Debug|Any CPU
		{C7BAE888-3FA9-443D-8782-A1717AD8929E}.Release|Any CPU.ActiveCfg = Release|Any CPU
		{C7BAE888-3FA9-443D-8782-A1717AD8929E}.Release|Any CPU.Build.0 = Release|Any CPU
	EndGlobalSection
	GlobalSection(SolutionProperties) = preSolution
		HideSolutionNode = FALSE
	EndGlobalSection
	GlobalSection(ExtensibilityGlobals) = postSolution
		SolutionGuid = {6C236EB2-6D7D-4FD8-92CB-AC49601EB512}
	EndGlobalSection
EndGlobal
